
Microsoft Visual Studio Solution File, Format Version 12.00
# Visual Studio Version 16
VisualStudioVersion = 16.0.31410.357
MinimumVisualStudioVersion = 10.0.40219.1
Project("{FAE04EC0-301F-11D3-BF4B-00C04F79EFBC}") = "UnityStreamdeckPlugin", "UnityStreamdeckPlugin.csproj", "{55D06BEF-9C86-4E05-A24D-C56071CA3B0B}"
EndProject
Global
	GlobalSection(SolutionConfigurationPlatforms) = preSolution
		Debug|Any CPU = Debug|Any CPU
		Release|Any CPU = Release|Any CPU
	EndGlobalSection
	GlobalSection(ProjectConfigurationPlatforms) = postSolution
		{55D06BEF-9C86-4E05-A24D-C56071CA3B0B}.Debug|Any CPU.ActiveCfg = Debug|Any CPU
		{55D06BEF-9C86-4E05-A24D-C56071CA3B0B}.Debug|Any CPU.Build.0 = Debug|Any CPU
		{55D06BEF-9C86-4E05-A24D-C56071CA3B0B}.Release|Any CPU.ActiveCfg = Release|Any CPU
		{55D06BEF-9C86-4E05-A24D-C56071CA3B0B}.Release|Any CPU.Build.0 = Release|Any CPU
	EndGlobalSection
	GlobalSection(SolutionProperties) = preSolution
		HideSolutionNode = FALSE
	EndGlobalSection
	GlobalSection(ExtensibilityGlobals) = postSolution
		SolutionGuid = {BBEA6766-80D7-44BF-A328-7504B91DEFA6}
	EndGlobalSection
EndGlobal
